
Microsoft Visual Studio Solution File, Format Version 12.00
# Visual Studio Version 16
VisualStudioVersion = 16.0.31019.35
MinimumVisualStudioVersion = 10.0.40219.1
Project("{8BC9CEB8-8B4A-11D0-8D11-00A0C91BC942}") = "Inheritance_Basic", "Inheritance_Basic\Inheritance_Basic.vcxproj", "{923F44FE-735E-4E3E-9E7A-2C43D4A280B4}"
EndProject
Global
	GlobalSection(SolutionConfigurationPlatforms) = preSolution
		Debug|x64 = Debug|x64
		Debug|x86 = Debug|x86
		Release|x64 = Release|x64
		Release|x86 = Release|x86
	EndGlobalSection
	GlobalSection(ProjectConfigurationPlatforms) = postSolution
		{923F44FE-735E-4E3E-9E7A-2C43D4A280B4}.Debug|x64.ActiveCfg = Debug|x64
		{923F44FE-735E-4E3E-9E7A-2C43D4A280B4}.Debug|x64.Build.0 = Debug|x64
		{923F44FE-735E-4E3E-9E7A-2C43D4A280B4}.Debug|x86.ActiveCfg = Debug|Win32
		{923F44FE-735E-4E3E-9E7A-2C43D4A280B4}.Debug|x86.Build.0 = Debug|Win32
		{923F44FE-735E-4E3E-9E7A-2C43D4A280B4}.Release|x64.ActiveCfg = Release|x64
		{923F44FE-735E-4E3E-9E7A-2C43D4A280B4}.Release|x64.Build.0 = Release|x64
		{923F44FE-735E-4E3E-9E7A-2C43D4A280B4}.Release|x86.ActiveCfg = Release|Win32
		{923F44FE-735E-4E3E-9E7A-2C43D4A280B4}.Release|x86.Build.0 = Release|Win32
	EndGlobalSection
	GlobalSection(SolutionProperties) = preSolution
		HideSolutionNode = FALSE
	EndGlobalSection
	GlobalSection(ExtensibilityGlobals) = postSolution
		SolutionGuid = {31C7921D-3AA6-446F-96FD-D4D57C179D46}
	EndGlobalSection
EndGlobal
