
Microsoft Visual Studio Solution File, Format Version 12.00
# Visual Studio Version 16
VisualStudioVersion = 16.0.31019.35
MinimumVisualStudioVersion = 10.0.40219.1
Project("{8BC9CEB8-8B4A-11D0-8D11-00A0C91BC942}") = "BadAllocEX", "BadAllocEX\BadAllocEX.vcxproj", "{18445372-62A9-4D5D-A82C-BD95E2CCF8F4}"
EndProject
Global
	GlobalSection(SolutionConfigurationPlatforms) = preSolution
		Debug|x64 = Debug|x64
		Debug|x86 = Debug|x86
		Release|x64 = Release|x64
		Release|x86 = Release|x86
	EndGlobalSection
	GlobalSection(ProjectConfigurationPlatforms) = postSolution
		{18445372-62A9-4D5D-A82C-BD95E2CCF8F4}.Debug|x64.ActiveCfg = Debug|x64
		{18445372-62A9-4D5D-A82C-BD95E2CCF8F4}.Debug|x64.Build.0 = Debug|x64
		{18445372-62A9-4D5D-A82C-BD95E2CCF8F4}.Debug|x86.ActiveCfg = Debug|Win32
		{18445372-62A9-4D5D-A82C-BD95E2CCF8F4}.Debug|x86.Build.0 = Debug|Win32
		{18445372-62A9-4D5D-A82C-BD95E2CCF8F4}.Release|x64.ActiveCfg = Release|x64
		{18445372-62A9-4D5D-A82C-BD95E2CCF8F4}.Release|x64.Build.0 = Release|x64
		{18445372-62A9-4D5D-A82C-BD95E2CCF8F4}.Release|x86.ActiveCfg = Release|Win32
		{18445372-62A9-4D5D-A82C-BD95E2CCF8F4}.Release|x86.Build.0 = Release|Win32
	EndGlobalSection
	GlobalSection(SolutionProperties) = preSolution
		HideSolutionNode = FALSE
	EndGlobalSection
	GlobalSection(ExtensibilityGlobals) = postSolution
		SolutionGuid = {BB0079C4-EF01-4909-9731-E638BCEEE890}
	EndGlobalSection
EndGlobal
